// !$*UTF8*$!
{
	archiveVersion = 1;
	classes = {
	};
	objectVersion = 56;
	objects = {

/* Begin PBXBuildFile section */
		04CAEF5929B3029B00A4FB62 /* CustomTabbarSwiftUIApp.swift in Sources */ = {isa = PBXBuildFile; fileRef = 04CAEF5829B3029B00A4FB62 /* CustomTabbarSwiftUIApp.swift */; };
		04CAEF5B29B3029B00A4FB62 /* MainTabbedView.swift in Sources */ = {isa = PBXBuildFile; fileRef = 04CAEF5A29B3029B00A4FB62 /* MainTabbedView.swift */; };
		04CAEF5D29B3029D00A4FB62 /* Assets.xcassets in Resources */ = {isa = PBXBuildFile; fileRef = 04CAEF5C29B3029D00A4FB62 /* Assets.xcassets */; };
		04CAEF6029B3029D00A4FB62 /* Preview Assets.xcassets in Resources */ = {isa = PBXBuildFile; fileRef = 04CAEF5F29B3029D00A4FB62 /* Preview Assets.xcassets */; };
		04CAEF6A29B3029E00A4FB62 /* CustomTabbarSwiftUITests.swift in Sources */ = {isa = PBXBuildFile; fileRef = 04CAEF6929B3029E00A4FB62 /* CustomTabbarSwiftUITests.swift */; };
		04CAEF7429B3029E00A4FB62 /* CustomTabbarSwiftUIUITests.swift in Sources */ = {isa = PBXBuildFile; fileRef = 04CAEF7329B3029E00A4FB62 /* CustomTabbarSwiftUIUITests.swift */; };
		04CAEF7629B3029E00A4FB62 /* CustomTabbarSwiftUIUITestsLaunchTests.swift in Sources */ = {isa = PBXBuildFile; fileRef = 04CAEF7529B3029E00A4FB62 /* CustomTabbarSwiftUIUITestsLaunchTests.swift */; };
		04CAEF8929B304E600A4FB62 /* HomeView.swift in Sources */ = {isa = PBXBuildFile; fileRef = 04CAEF8829B304E600A4FB62 /* HomeView.swift */; };
		04CAEF8B29B3051600A4FB62 /* FavoriteView.swift in Sources */ = {isa = PBXBuildFile; fileRef = 04CAEF8A29B3051600A4FB62 /* FavoriteView.swift */; };
		04CAEF8D29B3053B00A4FB62 /* ChatView.swift in Sources */ = {isa = PBXBuildFile; fileRef = 04CAEF8C29B3053B00A4FB62 /* ChatView.swift */; };
		04CAEF8F29B3055000A4FB62 /* ProfileView.swift in Sources */ = {isa = PBXBuildFile; fileRef = 04CAEF8E29B3055000A4FB62 /* ProfileView.swift */; };
/* End PBXBuildFile section */

/* Begin PBXContainerItemProxy section */
		04CAEF6629B3029E00A4FB62 /* PBXContainerItemProxy */ = {
			isa = PBXContainerItemProxy;
			containerPortal = 04CAEF4D29B3029B00A4FB62 /* Project object */;
			proxyType = 1;
			remoteGlobalIDString = 04CAEF5429B3029B00A4FB62;
			remoteInfo = CustomTabbarSwiftUI;
		};
		04CAEF7029B3029E00A4FB62 /* PBXContainerItemProxy */ = {
			isa = PBXContainerItemProxy;
			containerPortal = 04CAEF4D29B3029B00A4FB62 /* Project object */;
			proxyType = 1;
			remoteGlobalIDString = 04CAEF5429B3029B00A4FB62;
			remoteInfo = CustomTabbarSwiftUI;
		};
/* End PBXContainerItemProxy section */

/* Begin PBXFileReference section */
		04CAEF5529B3029B00A4FB62 /* CustomTabbarSwiftUI.app */ = {isa = PBXFileReference; explicitFileType = wrapper.application; includeInIndex = 0; path = CustomTabbarSwiftUI.app; sourceTree = BUILT_PRODUCTS_DIR; };
		04CAEF5829B3029B00A4FB62 /* CustomTabbarSwiftUIApp.swift */ = {isa = PBXFileReference; lastKnownFileType = sourcecode.swift; path = CustomTabbarSwiftUIApp.swift; sourceTree = "<group>"; };
		04CAEF5A29B3029B00A4FB62 /* MainTabbedView.swift */ = {isa = PBXFileReference; lastKnownFileType = sourcecode.swift; path = MainTabbedView.swift; sourceTree = "<group>"; };
		04CAEF5C29B3029D00A4FB62 /* Assets.xcassets */ = {isa = PBXFileReference; lastKnownFileType = folder.assetcatalog; path = Assets.xcassets; sourceTree = "<group>"; };
		04CAEF5F29B3029D00A4FB62 /* Preview Assets.xcassets */ = {isa = PBXFileReference; lastKnownFileType = folder.assetcatalog; path = "Preview Assets.xcassets"; sourceTree = "<group>"; };
		04CAEF6529B3029E00A4FB62 /* CustomTabbarSwiftUITests.xctest */ = {isa = PBXFileReference; explicitFileType = wrapper.cfbundle; includeInIndex = 0; path = CustomTabbarSwiftUITests.xctest; sourceTree = BUILT_PRODUCTS_DIR; };
		04CAEF6929B3029E00A4FB62 /* CustomTabbarSwiftUITests.swift */ = {isa = PBXFileReference; lastKnownFileType = sourcecode.swift; path = CustomTabbarSwiftUITests.swift; sourceTree = "<group>"; };
		04CAEF6F29B3029E00A4FB62 /* CustomTabbarSwiftUIUITests.xctest */ = {isa = PBXFileReference; explicitFileType = wrapper.cfbundle; includeInIndex = 0; path = CustomTabbarSwiftUIUITests.xctest; sourceTree = BUILT_PRODUCTS_DIR; };
		04CAEF7329B3029E00A4FB62 /* CustomTabbarSwiftUIUITests.swift */ = {isa = PBXFileReference; lastKnownFileType = sourcecode.swift; path = CustomTabbarSwiftUIUITests.swift; sourceTree = "<group>"; };
		04CAEF7529B3029E00A4FB62 /* CustomTabbarSwiftUIUITestsLaunchTests.swift */ = {isa = PBXFileReference; lastKnownFileType = sourcecode.swift; path = CustomTabbarSwiftUIUITestsLaunchTests.swift; sourceTree = "<group>"; };
		04CAEF8829B304E600A4FB62 /* HomeView.swift */ = {isa = PBXFileReference; lastKnownFileType = sourcecode.swift; path = HomeView.swift; sourceTree = "<group>"; };
		04CAEF8A29B3051600A4FB62 /* FavoriteView.swift */ = {isa = PBXFileReference; lastKnownFileType = sourcecode.swift; path = FavoriteView.swift; sourceTree = "<group>"; };
		04CAEF8C29B3053B00A4FB62 /* ChatView.swift */ = {isa = PBXFileReference; lastKnownFileType = sourcecode.swift; path = ChatView.swift; sourceTree = "<group>"; };
		04CAEF8E29B3055000A4FB62 /* ProfileView.swift */ = {isa = PBXFileReference; lastKnownFileType = sourcecode.swift; path = ProfileView.swift; sourceTree = "<group>"; };
/* End PBXFileReference section */

/* Begin PBXFrameworksBuildPhase section */
		04CAEF5229B3029B00A4FB62 /* Frameworks */ = {
			isa = PBXFrameworksBuildPhase;
			buildActionMask = 2147483647;
			files = (
			);
			runOnlyForDeploymentPostprocessing = 0;
		};
		04CAEF6229B3029E00A4FB62 /* Frameworks */ = {
			isa = PBXFrameworksBuildPhase;
			buildActionMask = 2147483647;
			files = (
			);
			runOnlyForDeploymentPostprocessing = 0;
		};
		04CAEF6C29B3029E00A4FB62 /* Frameworks */ = {
			isa = PBXFrameworksBuildPhase;
			buildActionMask = 2147483647;
			files = (
			);
			runOnlyForDeploymentPostprocessing = 0;
		};
/* End PBXFrameworksBuildPhase section */

/* Begin PBXGroup section */
		04CAEF4C29B3029B00A4FB62 = {
			isa = PBXGroup;
			children = (
				04CAEF5729B3029B00A4FB62 /* CustomTabbarSwiftUI */,
				04CAEF6829B3029E00A4FB62 /* CustomTabbarSwiftUITests */,
				04CAEF7229B3029E00A4FB62 /* CustomTabbarSwiftUIUITests */,
				04CAEF5629B3029B00A4FB62 /* Products */,
			);
			sourceTree = "<group>";
		};
		04CAEF5629B3029B00A4FB62 /* Products */ = {
			isa = PBXGroup;
			children = (
				04CAEF5529B3029B00A4FB62 /* CustomTabbarSwiftUI.app */,
				04CAEF6529B3029E00A4FB62 /* CustomTabbarSwiftUITests.xctest */,
				04CAEF6F29B3029E00A4FB62 /* CustomTabbarSwiftUIUITests.xctest */,
			);
			name = Products;
			sourceTree = "<group>";
		};
		04CAEF5729B3029B00A4FB62 /* CustomTabbarSwiftUI */ = {
			isa = PBXGroup;
			children = (
				04CAEF8329B3048200A4FB62 /* Base */,
				04CAEF8229B3047900A4FB62 /* Main */,
				04CAEF5C29B3029D00A4FB62 /* Assets.xcassets */,
				04CAEF5E29B3029D00A4FB62 /* Preview Content */,
			);
			path = CustomTabbarSwiftUI;
			sourceTree = "<group>";
		};
		04CAEF5E29B3029D00A4FB62 /* Preview Content */ = {
			isa = PBXGroup;
			children = (
				04CAEF5F29B3029D00A4FB62 /* Preview Assets.xcassets */,
			);
			path = "Preview Content";
			sourceTree = "<group>";
		};
		04CAEF6829B3029E00A4FB62 /* CustomTabbarSwiftUITests */ = {
			isa = PBXGroup;
			children = (
				04CAEF6929B3029E00A4FB62 /* CustomTabbarSwiftUITests.swift */,
			);
			path = CustomTabbarSwiftUITests;
			sourceTree = "<group>";
		};
		04CAEF7229B3029E00A4FB62 /* CustomTabbarSwiftUIUITests */ = {
			isa = PBXGroup;
			children = (
				04CAEF7329B3029E00A4FB62 /* CustomTabbarSwiftUIUITests.swift */,
				04CAEF7529B3029E00A4FB62 /* CustomTabbarSwiftUIUITestsLaunchTests.swift */,
			);
			path = CustomTabbarSwiftUIUITests;
			sourceTree = "<group>";
		};
		04CAEF8229B3047900A4FB62 /* Main */ = {
			isa = PBXGroup;
			children = (
				04CAEF5A29B3029B00A4FB62 /* MainTabbedView.swift */,
				04CAEF8429B3048A00A4FB62 /* Home */,
				04CAEF8629B3049600A4FB62 /* Favorite */,
				04CAEF8529B3049000A4FB62 /* Chat */,
				04CAEF8729B304A100A4FB62 /* Profile */,
			);
			path = Main;
			sourceTree = "<group>";
		};
		04CAEF8329B3048200A4FB62 /* Base */ = {
			isa = PBXGroup;
			children = (
				04CAEF5829B3029B00A4FB62 /* CustomTabbarSwiftUIApp.swift */,
			);
			path = Base;
			sourceTree = "<group>";
		};
		04CAEF8429B3048A00A4FB62 /* Home */ = {
			isa = PBXGroup;
			children = (
				04CAEF8829B304E600A4FB62 /* HomeView.swift */,
			);
			path = Home;
			sourceTree = "<group>";
		};
		04CAEF8529B3049000A4FB62 /* Chat */ = {
			isa = PBXGroup;
			children = (
				04CAEF8C29B3053B00A4FB62 /* ChatView.swift */,
			);
			path = Chat;
			sourceTree = "<group>";
		};
		04CAEF8629B3049600A4FB62 /* Favorite */ = {
			isa = PBXGroup;
			children = (
				04CAEF8A29B3051600A4FB62 /* FavoriteView.swift */,
			);
			path = Favorite;
			sourceTree = "<group>";
		};
		04CAEF8729B304A100A4FB62 /* Profile */ = {
			isa = PBXGroup;
			children = (
				04CAEF8E29B3055000A4FB62 /* ProfileView.swift */,
			);
			path = Profile;
			sourceTree = "<group>";
		};
/* End PBXGroup section */

/* Begin PBXNativeTarget section */
		04CAEF5429B3029B00A4FB62 /* CustomTabbarSwiftUI */ = {
			isa = PBXNativeTarget;
			buildConfigurationList = 04CAEF7929B3029E00A4FB62 /* Build configuration list for PBXNativeTarget "CustomTabbarSwiftUI" */;
			buildPhases = (
				04CAEF5129B3029B00A4FB62 /* Sources */,
				04CAEF5229B3029B00A4FB62 /* Frameworks */,
				04CAEF5329B3029B00A4FB62 /* Resources */,
			);
			buildRules = (
			);
			dependencies = (
			);
			name = CustomTabbarSwiftUI;
			productName = CustomTabbarSwiftUI;
			productReference = 04CAEF5529B3029B00A4FB62 /* CustomTabbarSwiftUI.app */;
			productType = "com.apple.product-type.application";
		};
		04CAEF6429B3029E00A4FB62 /* CustomTabbarSwiftUITests */ = {
			isa = PBXNativeTarget;
			buildConfigurationList = 04CAEF7C29B3029E00A4FB62 /* Build configuration list for PBXNativeTarget "CustomTabbarSwiftUITests" */;
			buildPhases = (
				04CAEF6129B3029E00A4FB62 /* Sources */,
				04CAEF6229B3029E00A4FB62 /* Frameworks */,
				04CAEF6329B3029E00A4FB62 /* Resources */,
			);
			buildRules = (
			);
			dependencies = (
				04CAEF6729B3029E00A4FB62 /* PBXTargetDependency */,
			);
			name = CustomTabbarSwiftUITests;
			productName = CustomTabbarSwiftUITests;
			productReference = 04CAEF6529B3029E00A4FB62 /* CustomTabbarSwiftUITests.xctest */;
			productType = "com.apple.product-type.bundle.unit-test";
		};
		04CAEF6E29B3029E00A4FB62 /* CustomTabbarSwiftUIUITests */ = {
			isa = PBXNativeTarget;
			buildConfigurationList = 04CAEF7F29B3029E00A4FB62 /* Build configuration list for PBXNativeTarget "CustomTabbarSwiftUIUITests" */;
			buildPhases = (
				04CAEF6B29B3029E00A4FB62 /* Sources */,
				04CAEF6C29B3029E00A4FB62 /* Frameworks */,
				04CAEF6D29B3029E00A4FB62 /* Resources */,
			);
			buildRules = (
			);
			dependencies = (
				04CAEF7129B3029E00A4FB62 /* PBXTargetDependency */,
			);
			name = CustomTabbarSwiftUIUITests;
			productName = CustomTabbarSwiftUIUITests;
			productReference = 04CAEF6F29B3029E00A4FB62 /* CustomTabbarSwiftUIUITests.xctest */;
			productType = "com.apple.product-type.bundle.ui-testing";
		};
/* End PBXNativeTarget section */

/* Begin PBXProject section */
		04CAEF4D29B3029B00A4FB62 /* Project object */ = {
			isa = PBXProject;
			attributes = {
				BuildIndependentTargetsInParallel = 1;
				LastSwiftUpdateCheck = 1420;
				LastUpgradeCheck = 1420;
				TargetAttributes = {
					04CAEF5429B3029B00A4FB62 = {
						CreatedOnToolsVersion = 14.2;
					};
					04CAEF6429B3029E00A4FB62 = {
						CreatedOnToolsVersion = 14.2;
						TestTargetID = 04CAEF5429B3029B00A4FB62;
					};
					04CAEF6E29B3029E00A4FB62 = {
						CreatedOnToolsVersion = 14.2;
						TestTargetID = 04CAEF5429B3029B00A4FB62;
					};
				};
			};
			buildConfigurationList = 04CAEF5029B3029B00A4FB62 /* Build configuration list for PBXProject "CustomTabbarSwiftUI" */;
			compatibilityVersion = "Xcode 14.0";
			developmentRegion = en;
			hasScannedForEncodings = 0;
			knownRegions = (
				en,
				Base,
			);
			mainGroup = 04CAEF4C29B3029B00A4FB62;
			productRefGroup = 04CAEF5629B3029B00A4FB62 /* Products */;
			projectDirPath = "";
			projectRoot = "";
			targets = (
				04CAEF5429B3029B00A4FB62 /* CustomTabbarSwiftUI */,
				04CAEF6429B3029E00A4FB62 /* CustomTabbarSwiftUITests */,
				04CAEF6E29B3029E00A4FB62 /* CustomTabbarSwiftUIUITests */,
			);
		};
/* End PBXProject section */

/* Begin PBXResourcesBuildPhase section */
		04CAEF5329B3029B00A4FB62 /* Resources */ = {
			isa = PBXResourcesBuildPhase;
			buildActionMask = 2147483647;
			files = (
				04CAEF6029B3029D00A4FB62 /* Preview Assets.xcassets in Resources */,
				04CAEF5D29B3029D00A4FB62 /* Assets.xcassets in Resources */,
			);
			runOnlyForDeploymentPostprocessing = 0;
		};
		04CAEF6329B3029E00A4FB62 /* Resources */ = {
			isa = PBXResourcesBuildPhase;
			buildActionMask = 2147483647;
			files = (
			);
			runOnlyForDeploymentPostprocessing = 0;
		};
		04CAEF6D29B3029E00A4FB62 /* Resources */ = {
			isa = PBXResourcesBuildPhase;
			buildActionMask = 2147483647;
			files = (
			);
			runOnlyForDeploymentPostprocessing = 0;
		};
/* End PBXResourcesBuildPhase section */

/* Begin PBXSourcesBuildPhase section */
		04CAEF5129B3029B00A4FB62 /* Sources */ = {
			isa = PBXSourcesBuildPhase;
			buildActionMask = 2147483647;
			files = (
				04CAEF8B29B3051600A4FB62 /* FavoriteView.swift in Sources */,
				04CAEF8929B304E600A4FB62 /* HomeView.swift in Sources */,
				04CAEF8D29B3053B00A4FB62 /* ChatView.swift in Sources */,
				04CAEF5B29B3029B00A4FB62 /* MainTabbedView.swift in Sources */,
				04CAEF8F29B3055000A4FB62 /* ProfileView.swift in Sources */,
				04CAEF5929B3029B00A4FB62 /* CustomTabbarSwiftUIApp.swift in Sources */,
			);
			runOnlyForDeploymentPostprocessing = 0;
		};
		04CAEF6129B3029E00A4FB62 /* Sources */ = {
			isa = PBXSourcesBuildPhase;
			buildActionMask = 2147483647;
			files = (
				04CAEF6A29B3029E00A4FB62 /* CustomTabbarSwiftUITests.swift in Sources */,
			);
			runOnlyForDeploymentPostprocessing = 0;
		};
		04CAEF6B29B3029E00A4FB62 /* Sources */ = {
			isa = PBXSourcesBuildPhase;
			buildActionMask = 2147483647;
			files = (
				04CAEF7429B3029E00A4FB62 /* CustomTabbarSwiftUIUITests.swift in Sources */,
				04CAEF7629B3029E00A4FB62 /* CustomTabbarSwiftUIUITestsLaunchTests.swift in Sources */,
			);
			runOnlyForDeploymentPostprocessing = 0;
		};
/* End PBXSourcesBuildPhase section */

/* Begin PBXTargetDependency section */
		04CAEF6729B3029E00A4FB62 /* PBXTargetDependency */ = {
			isa = PBXTargetDependency;
			target = 04CAEF5429B3029B00A4FB62 /* CustomTabbarSwiftUI */;
			targetProxy = 04CAEF6629B3029E00A4FB62 /* PBXContainerItemProxy */;
		};
		04CAEF7129B3029E00A4FB62 /* PBXTargetDependency */ = {
			isa = PBXTargetDependency;
			target = 04CAEF5429B3029B00A4FB62 /* CustomTabbarSwiftUI */;
			targetProxy = 04CAEF7029B3029E00A4FB62 /* PBXContainerItemProxy */;
		};
/* End PBXTargetDependency section */

/* Begin XCBuildConfiguration section */
		04CAEF7729B3029E00A4FB62 /* Debug */ = {
			isa = XCBuildConfiguration;
			buildSettings = {
				ALWAYS_SEARCH_USER_PATHS = NO;
				CLANG_ANALYZER_NONNULL = YES;
				CLANG_ANALYZER_NUMBER_OBJECT_CONVERSION = YES_AGGRESSIVE;
				CLANG_CXX_LANGUAGE_STANDARD = "gnu++20";
				CLANG_ENABLE_MODULES = YES;
				CLANG_ENABLE_OBJC_ARC = YES;
				CLANG_ENABLE_OBJC_WEAK = YES;
				CLANG_WARN_BLOCK_CAPTURE_AUTORELEASING = YES;
				CLANG_WARN_BOOL_CONVERSION = YES;
				CLANG_WARN_COMMA = YES;
				CLANG_WARN_CONSTANT_CONVERSION = YES;
				CLANG_WARN_DEPRECATED_OBJC_IMPLEMENTATIONS = YES;
				CLANG_WARN_DIRECT_OBJC_ISA_USAGE = YES_ERROR;
				CLANG_WARN_DOCUMENTATION_COMMENTS = YES;
				CLANG_WARN_EMPTY_BODY = YES;
				CLANG_WARN_ENUM_CONVERSION = YES;
				CLANG_WARN_INFINITE_RECURSION = YES;
				CLANG_WARN_INT_CONVERSION = YES;
				CLANG_WARN_NON_LITERAL_NULL_CONVERSION = YES;
				CLANG_WARN_OBJC_IMPLICIT_RETAIN_SELF = YES;
				CLANG_WARN_OBJC_LITERAL_CONVERSION = YES;
				CLANG_WARN_OBJC_ROOT_CLASS = YES_ERROR;
				CLANG_WARN_QUOTED_INCLUDE_IN_FRAMEWORK_HEADER = YES;
				CLANG_WARN_RANGE_LOOP_ANALYSIS = YES;
				CLANG_WARN_STRICT_PROTOTYPES = YES;
				CLANG_WARN_SUSPICIOUS_MOVE = YES;
				CLANG_WARN_UNGUARDED_AVAILABILITY = YES_AGGRESSIVE;
				CLANG_WARN_UNREACHABLE_CODE = YES;
				CLANG_WARN__DUPLICATE_METHOD_MATCH = YES;
				COPY_PHASE_STRIP = NO;
				DEBUG_INFORMATION_FORMAT = dwarf;
				ENABLE_STRICT_OBJC_MSGSEND = YES;
				ENABLE_TESTABILITY = YES;
				GCC_C_LANGUAGE_STANDARD = gnu11;
				GCC_DYNAMIC_NO_PIC = NO;
				GCC_NO_COMMON_BLOCKS = YES;
				GCC_OPTIMIZATION_LEVEL = 0;
				GCC_PREPROCESSOR_DEFINITIONS = (
					"DEBUG=1",
					"$(inherited)",
				);
				GCC_WARN_64_TO_32_BIT_CONVERSION = YES;
				GCC_WARN_ABOUT_RETURN_TYPE = YES_ERROR;
				GCC_WARN_UNDECLARED_SELECTOR = YES;
				GCC_WARN_UNINITIALIZED_AUTOS = YES_AGGRESSIVE;
				GCC_WARN_UNUSED_FUNCTION = YES;
				GCC_WARN_UNUSED_VARIABLE = YES;
				IPHONEOS_DEPLOYMENT_TARGET = 16.2;
				MTL_ENABLE_DEBUG_INFO = INCLUDE_SOURCE;
				MTL_FAST_MATH = YES;
				ONLY_ACTIVE_ARCH = YES;
				SDKROOT = iphoneos;
				SWIFT_ACTIVE_COMPILATION_CONDITIONS = DEBUG;
				SWIFT_OPTIMIZATION_LEVEL = "-Onone";
			};
			name = Debug;
		};
		04CAEF7829B3029E00A4FB62 /* Release */ = {
			isa = XCBuildConfiguration;
			buildSettings = {
				ALWAYS_SEARCH_USER_PATHS = NO;
				CLANG_ANALYZER_NONNULL = YES;
				CLANG_ANALYZER_NUMBER_OBJECT_CONVERSION = YES_AGGRESSIVE;
				CLANG_CXX_LANGUAGE_STANDARD = "gnu++20";
				CLANG_ENABLE_MODULES = YES;
				CLANG_ENABLE_OBJC_ARC = YES;
				CLANG_ENABLE_OBJC_WEAK = YES;
				CLANG_WARN_BLOCK_CAPTURE_AUTORELEASING = YES;
				CLANG_WARN_BOOL_CONVERSION = YES;
				CLANG_WARN_COMMA = YES;
				CLANG_WARN_CONSTANT_CONVERSION = YES;
				CLANG_WARN_DEPRECATED_OBJC_IMPLEMENTATIONS = YES;
				CLANG_WARN_DIRECT_OBJC_ISA_USAGE = YES_ERROR;
				CLANG_WARN_DOCUMENTATION_COMMENTS = YES;
				CLANG_WARN_EMPTY_BODY = YES;
				CLANG_WARN_ENUM_CONVERSION = YES;
				CLANG_WARN_INFINITE_RECURSION = YES;
				CLANG_WARN_INT_CONVERSION = YES;
				CLANG_WARN_NON_LITERAL_NULL_CONVERSION = YES;
				CLANG_WARN_OBJC_IMPLICIT_RETAIN_SELF = YES;
				CLANG_WARN_OBJC_LITERAL_CONVERSION = YES;
				CLANG_WARN_OBJC_ROOT_CLASS = YES_ERROR;
				CLANG_WARN_QUOTED_INCLUDE_IN_FRAMEWORK_HEADER = YES;
				CLANG_WARN_RANGE_LOOP_ANALYSIS = YES;
				CLANG_WARN_STRICT_PROTOTYPES = YES;
				CLANG_WARN_SUSPICIOUS_MOVE = YES;
				CLANG_WARN_UNGUARDED_AVAILABILITY = YES_AGGRESSIVE;
				CLANG_WARN_UNREACHABLE_CODE = YES;
				CLANG_WARN__DUPLICATE_METHOD_MATCH = YES;
				COPY_PHASE_STRIP = NO;
				DEBUG_INFORMATION_FORMAT = "dwarf-with-dsym";
				ENABLE_NS_ASSERTIONS = NO;
				ENABLE_STRICT_OBJC_MSGSEND = YES;
				GCC_C_LANGUAGE_STANDARD = gnu11;
				GCC_NO_COMMON_BLOCKS = YES;
				GCC_WARN_64_TO_32_BIT_CONVERSION = YES;
				GCC_WARN_ABOUT_RETURN_TYPE = YES_ERROR;
				GCC_WARN_UNDECLARED_SELECTOR = YES;
				GCC_WARN_UNINITIALIZED_AUTOS = YES_AGGRESSIVE;
				GCC_WARN_UNUSED_FUNCTION = YES;
				GCC_WARN_UNUSED_VARIABLE = YES;
				IPHONEOS_DEPLOYMENT_TARGET = 16.2;
				MTL_ENABLE_DEBUG_INFO = NO;
				MTL_FAST_MATH = YES;
				SDKROOT = iphoneos;
				SWIFT_COMPILATION_MODE = wholemodule;
				SWIFT_OPTIMIZATION_LEVEL = "-O";
				VALIDATE_PRODUCT = YES;
			};
			name = Release;
		};
		04CAEF7A29B3029E00A4FB62 /* Debug */ = {
			isa = XCBuildConfiguration;
			buildSettings = {
				ASSETCATALOG_COMPILER_APPICON_NAME = AppIcon;
				ASSETCATALOG_COMPILER_GLOBAL_ACCENT_COLOR_NAME = AccentColor;
				CODE_SIGN_STYLE = Automatic;
				CURRENT_PROJECT_VERSION = 1;
				DEVELOPMENT_ASSET_PATHS = "\"CustomTabbarSwiftUI/Preview Content\"";
				DEVELOPMENT_TEAM = Y8SG9VYDP5;
				ENABLE_PREVIEWS = YES;
				GENERATE_INFOPLIST_FILE = YES;
				INFOPLIST_KEY_UIApplicationSceneManifest_Generation = YES;
				INFOPLIST_KEY_UIApplicationSupportsIndirectInputEvents = YES;
				INFOPLIST_KEY_UILaunchScreen_Generation = YES;
				INFOPLIST_KEY_UISupportedInterfaceOrientations_iPad = "UIInterfaceOrientationPortrait UIInterfaceOrientationPortraitUpsideDown UIInterfaceOrientationLandscapeLeft UIInterfaceOrientationLandscapeRight";
				INFOPLIST_KEY_UISupportedInterfaceOrientations_iPhone = "UIInterfaceOrientationPortrait UIInterfaceOrientationLandscapeLeft UIInterfaceOrientationLandscapeRight";
				LD_RUNPATH_SEARCH_PATHS = (
					"$(inherited)",
					"@executable_path/Frameworks",
				);
				MARKETING_VERSION = 1.0;
				PRODUCT_BUNDLE_IDENTIFIER = com.abbas.CustomTabbarSwiftUI;
				PRODUCT_NAME = "$(TARGET_NAME)";
				SWIFT_EMIT_LOC_STRINGS = YES;
				SWIFT_VERSION = 5.0;
				TARGETED_DEVICE_FAMILY = "1,2";
			};
			name = Debug;
		};
		04CAEF7B29B3029E00A4FB62 /* Release */ = {
			isa = XCBuildConfiguration;
			buildSettings = {
				ASSETCATALOG_COMPILER_APPICON_NAME = AppIcon;
				ASSETCATALOG_COMPILER_GLOBAL_ACCENT_COLOR_NAME = AccentColor;
				CODE_SIGN_STYLE = Automatic;
				CURRENT_PROJECT_VERSION = 1;
				DEVELOPMENT_ASSET_PATHS = "\"CustomTabbarSwiftUI/Preview Content\"";
				DEVELOPMENT_TEAM = Y8SG9VYDP5;
				ENABLE_PREVIEWS = YES;
				GENERATE_INFOPLIST_FILE = YES;
				INFOPLIST_KEY_UIApplicationSceneManifest_Generation = YES;
				INFOPLIST_KEY_UIApplicationSupportsIndirectInputEvents = YES;
				INFOPLIST_KEY_UILaunchScreen_Generation = YES;
				INFOPLIST_KEY_UISupportedInterfaceOrientations_iPad = "UIInterfaceOrientationPortrait UIInterfaceOrientationPortraitUpsideDown UIInterfaceOrientationLandscapeLeft UIInterfaceOrientationLandscapeRight";
				INFOPLIST_KEY_UISupportedInterfaceOrientations_iPhone = "UIInterfaceOrientationPortrait UIInterfaceOrientationLandscapeLeft UIInterfaceOrientationLandscapeRight";
				LD_RUNPATH_SEARCH_PATHS = (
					"$(inherited)",
					"@executable_path/Frameworks",
				);
				MARKETING_VERSION = 1.0;
				PRODUCT_BUNDLE_IDENTIFIER = com.abbas.CustomTabbarSwiftUI;
				PRODUCT_NAME = "$(TARGET_NAME)";
				SWIFT_EMIT_LOC_STRINGS = YES;
				SWIFT_VERSION = 5.0;
				TARGETED_DEVICE_FAMILY = "1,2";
			};
			name = Release;
		};
		04CAEF7D29B3029E00A4FB62 /* Debug */ = {
			isa = XCBuildConfiguration;
			buildSettings = {
				ALWAYS_EMBED_SWIFT_STANDARD_LIBRARIES = YES;
				BUNDLE_LOADER = "$(TEST_HOST)";
				CODE_SIGN_STYLE = Automatic;
				CURRENT_PROJECT_VERSION = 1;
				DEVELOPMENT_TEAM = Y8SG9VYDP5;
				GENERATE_INFOPLIST_FILE = YES;
				IPHONEOS_DEPLOYMENT_TARGET = 16.2;
				MARKETING_VERSION = 1.0;
				PRODUCT_BUNDLE_IDENTIFIER = com.abbas.CustomTabbarSwiftUITests;
				PRODUCT_NAME = "$(TARGET_NAME)";
				SWIFT_EMIT_LOC_STRINGS = NO;
				SWIFT_VERSION = 5.0;
				TARGETED_DEVICE_FAMILY = "1,2";
				TEST_HOST = "$(BUILT_PRODUCTS_DIR)/CustomTabbarSwiftUI.app/$(BUNDLE_EXECUTABLE_FOLDER_PATH)/CustomTabbarSwiftUI";
			};
			name = Debug;
		};
		04CAEF7E29B3029E00A4FB62 /* Release */ = {
			isa = XCBuildConfiguration;
			buildSettings = {
				ALWAYS_EMBED_SWIFT_STANDARD_LIBRARIES = YES;
				BUNDLE_LOADER = "$(TEST_HOST)";
				CODE_SIGN_STYLE = Automatic;
				CURRENT_PROJECT_VERSION = 1;
				DEVELOPMENT_TEAM = Y8SG9VYDP5;
				GENERATE_INFOPLIST_FILE = YES;
				IPHONEOS_DEPLOYMENT_TARGET = 16.2;
				MARKETING_VERSION = 1.0;
				PRODUCT_BUNDLE_IDENTIFIER = com.abbas.CustomTabbarSwiftUITests;
				PRODUCT_NAME = "$(TARGET_NAME)";
				SWIFT_EMIT_LOC_STRINGS = NO;
				SWIFT_VERSION = 5.0;
				TARGETED_DEVICE_FAMILY = "1,2";
				TEST_HOST = "$(BUILT_PRODUCTS_DIR)/CustomTabbarSwiftUI.app/$(BUNDLE_EXECUTABLE_FOLDER_PATH)/CustomTabbarSwiftUI";
			};
			name = Release;
		};
		04CAEF8029B3029E00A4FB62 /* Debug */ = {
			isa = XCBuildConfiguration;
			buildSettings = {
				ALWAYS_EMBED_SWIFT_STANDARD_LIBRARIES = YES;
				CODE_SIGN_STYLE = Automatic;
				CURRENT_PROJECT_VERSION = 1;
				DEVELOPMENT_TEAM = Y8SG9VYDP5;
				GENERATE_INFOPLIST_FILE = YES;
				MARKETING_VERSION = 1.0;
				PRODUCT_BUNDLE_IDENTIFIER = com.abbas.CustomTabbarSwiftUIUITests;
				PRODUCT_NAME = "$(TARGET_NAME)";
				SWIFT_EMIT_LOC_STRINGS = NO;
				SWIFT_VERSION = 5.0;
				TARGETED_DEVICE_FAMILY = "1,2";
				TEST_TARGET_NAME = CustomTabbarSwiftUI;
			};
			name = Debug;
		};
		04CAEF8129B3029E00A4FB62 /* Release */ = {
			isa = XCBuildConfiguration;
			buildSettings = {
				ALWAYS_EMBED_SWIFT_STANDARD_LIBRARIES = YES;
				CODE_SIGN_STYLE = Automatic;
				CURRENT_PROJECT_VERSION = 1;
				DEVELOPMENT_TEAM = Y8SG9VYDP5;
				GENERATE_INFOPLIST_FILE = YES;
				MARKETING_VERSION = 1.0;
				PRODUCT_BUNDLE_IDENTIFIER = com.abbas.CustomTabbarSwiftUIUITests;
				PRODUCT_NAME = "$(TARGET_NAME)";
				SWIFT_EMIT_LOC_STRINGS = NO;
				SWIFT_VERSION = 5.0;
				TARGETED_DEVICE_FAMILY = "1,2";
				TEST_TARGET_NAME = CustomTabbarSwiftUI;
			};
			name = Release;
		};
/* End XCBuildConfiguration section */

/* Begin XCConfigurationList section */
		04CAEF5029B3029B00A4FB62 /* Build configuration list for PBXProject "CustomTabbarSwiftUI" */ = {
			isa = XCConfigurationList;
			buildConfigurations = (
				04CAEF7729B3029E00A4FB62 /* Debug */,
				04CAEF7829B3029E00A4FB62 /* Release */,
			);
			defaultConfigurationIsVisible = 0;
			defaultConfigurationName = Release;
		};
		04CAEF7929B3029E00A4FB62 /* Build configuration list for PBXNativeTarget "CustomTabbarSwiftUI" */ = {
			isa = XCConfigurationList;
			buildConfigurations = (
				04CAEF7A29B3029E00A4FB62 /* Debug */,
				04CAEF7B29B3029E00A4FB62 /* Release */,
			);
			defaultConfigurationIsVisible = 0;
			defaultConfigurationName = Release;
		};
		04CAEF7C29B3029E00A4FB62 /* Build configuration list for PBXNativeTarget "CustomTabbarSwiftUITests" */ = {
			isa = XCConfigurationList;
			buildConfigurations = (
				04CAEF7D29B3029E00A4FB62 /* Debug */,
				04CAEF7E29B3029E00A4FB62 /* Release */,
			);
			defaultConfigurationIsVisible = 0;
			defaultConfigurationName = Release;
		};
		04CAEF7F29B3029E00A4FB62 /* Build configuration list for PBXNativeTarget "CustomTabbarSwiftUIUITests" */ = {
			isa = XCConfigurationList;
			buildConfigurations = (
				04CAEF8029B3029E00A4FB62 /* Debug */,
				04CAEF8129B3029E00A4FB62 /* Release */,
			);
			defaultConfigurationIsVisible = 0;
			defaultConfigurationName = Release;
		};
/* End XCConfigurationList section */
	};
	rootObject = 04CAEF4D29B3029B00A4FB62 /* Project object */;
}
